
Microsoft Visual Studio Solution File, Format Version 12.00
# Visual Studio Version 16
VisualStudioVersion = 16.0.28822.285
MinimumVisualStudioVersion = 10.0.40219.1
Project("{9A19103F-16F7-4668-BE54-9A1E7A4F7556}") = "EventHubsDemo", "EventHubsDemo\EventHubsDemo.csproj", "{C021159C-81C3-4D3A-8007-543E9287368B}"
EndProject
Project("{2150E333-8FDC-42A3-9474-1A3956D46DE8}") = "Solution Items", "Solution Items", "{0125FEE4-2F66-42DF-800A-3650466F1AD9}"
	ProjectSection(SolutionItems) = preProject
		README.md = README.md
	EndProjectSection
EndProject
Global
	GlobalSection(SolutionConfigurationPlatforms) = preSolution
		Debug|Any CPU = Debug|Any CPU
		Release|Any CPU = Release|Any CPU
	EndGlobalSection
	GlobalSection(ProjectConfigurationPlatforms) = postSolution
		{C021159C-81C3-4D3A-8007-543E9287368B}.Debug|Any CPU.ActiveCfg = Debug|Any CPU
		{C021159C-81C3-4D3A-8007-543E9287368B}.Debug|Any CPU.Build.0 = Debug|Any CPU
		{C021159C-81C3-4D3A-8007-543E9287368B}.Release|Any CPU.ActiveCfg = Release|Any CPU
		{C021159C-81C3-4D3A-8007-543E9287368B}.Release|Any CPU.Build.0 = Release|Any CPU
	EndGlobalSection
	GlobalSection(SolutionProperties) = preSolution
		HideSolutionNode = FALSE
	EndGlobalSection
	GlobalSection(ExtensibilityGlobals) = postSolution
		SolutionGuid = {1ECE931F-6743-4A3D-8637-73D93EF435CA}
	EndGlobalSection
EndGlobal
